
Microsoft Visual Studio Solution File, Format Version 12.00
# Visual Studio Version 17
VisualStudioVersion = 17.2.32630.192
MinimumVisualStudioVersion = 10.0.40219.1
Project("{FAE04EC0-301F-11D3-BF4B-00C04F79EFBC}") = "CS_Applications", "CS_Applications\CS_Applications.csproj", "{D2144850-700B-424A-AF65-764E3933578B}"
EndProject
Project("{2150E333-8FDC-42A3-9474-1A3956D46DE8}") = "Notes", "Notes", "{1D37A6D6-5BB4-40ED-87E5-F63F441DC442}"
	ProjectSection(SolutionItems) = preProject
		Assignments.md = Assignments.md
		Readme.md = Readme.md
	EndProjectSection
EndProject
Project("{FAE04EC0-301F-11D3-BF4B-00C04F79EFBC}") = "CS_Types", "CS_Types\CS_Types.csproj", "{9F2F4FCD-E07D-4D24-80A6-FD5A5DBB51ED}"
EndProject
Project("{FAE04EC0-301F-11D3-BF4B-00C04F79EFBC}") = "CS_Methods", "CS_Methods\CS_Methods.csproj", "{FE4D8FB0-BB2E-440B-864F-2AD90B129D3A}"
EndProject
Project("{FAE04EC0-301F-11D3-BF4B-00C04F79EFBC}") = "CS_Strings", "CS_Strings\CS_Strings.csproj", "{D07E976B-4F64-4203-B256-D19AE89A2868}"
EndProject
Project("{FAE04EC0-301F-11D3-BF4B-00C04F79EFBC}") = "CS_Arrays", "CS_Arrays\CS_Arrays.csproj", "{F2030625-240C-4147-8E9E-F8CFD839CEB1}"
EndProject
Project("{2150E333-8FDC-42A3-9474-1A3956D46DE8}") = "OPPS", "OPPS", "{AA8F9277-8332-416E-AEA5-06AF0FCF894B}"
EndProject
Project("{FAE04EC0-301F-11D3-BF4B-00C04F79EFBC}") = "CS_SimpleClasss", "CS_SimpleClasss\CS_SimpleClasss.csproj", "{E2450693-7D9C-45FF-8730-6D222B916EC8}"
EndProject
Project("{FAE04EC0-301F-11D3-BF4B-00C04F79EFBC}") = "CS_CollectionFacts", "CS_CollectionFacts\CS_CollectionFacts.csproj", "{D3F70D55-B0F6-4389-AE1F-9D90F42D3F36}"
EndProject
Project("{FAE04EC0-301F-11D3-BF4B-00C04F79EFBC}") = "CS_GenericList", "CS_GenericList\CS_GenericList.csproj", "{AF3B0F3E-EEA1-4CDB-AACA-4437F766E1EC}"
EndProject
Project("{FAE04EC0-301F-11D3-BF4B-00C04F79EFBC}") = "CS_GenericListApps", "CS_GenericListApps\CS_GenericListApps.csproj", "{89DA1003-80B1-40F7-B240-ED8E446E1DF1}"
EndProject
Project("{FAE04EC0-301F-11D3-BF4B-00C04F79EFBC}") = "CS_Inheritence", "CS_Inheritence\CS_Inheritence.csproj", "{D1F78FA3-0524-4E78-A209-339AEB71291D}"
EndProject
Project("{FAE04EC0-301F-11D3-BF4B-00C04F79EFBC}") = "CS_SimpleInheritence+", "CS_SimpleInheritence+\CS_SimpleInheritence+.csproj", "{6D825FC1-2DAB-43D7-9409-0ED5A9361578}"
EndProject
Global
	GlobalSection(SolutionConfigurationPlatforms) = preSolution
		Debug|Any CPU = Debug|Any CPU
		Release|Any CPU = Release|Any CPU
	EndGlobalSection
	GlobalSection(ProjectConfigurationPlatforms) = postSolution
		{D2144850-700B-424A-AF65-764E3933578B}.Debug|Any CPU.ActiveCfg = Debug|Any CPU
		{D2144850-700B-424A-AF65-764E3933578B}.Debug|Any CPU.Build.0 = Debug|Any CPU
		{D2144850-700B-424A-AF65-764E3933578B}.Release|Any CPU.ActiveCfg = Release|Any CPU
		{D2144850-700B-424A-AF65-764E3933578B}.Release|Any CPU.Build.0 = Release|Any CPU
		{9F2F4FCD-E07D-4D24-80A6-FD5A5DBB51ED}.Debug|Any CPU.ActiveCfg = Debug|Any CPU
		{9F2F4FCD-E07D-4D24-80A6-FD5A5DBB51ED}.Debug|Any CPU.Build.0 = Debug|Any CPU
		{9F2F4FCD-E07D-4D24-80A6-FD5A5DBB51ED}.Release|Any CPU.ActiveCfg = Release|Any CPU
		{9F2F4FCD-E07D-4D24-80A6-FD5A5DBB51ED}.Release|Any CPU.Build.0 = Release|Any CPU
		{FE4D8FB0-BB2E-440B-864F-2AD90B129D3A}.Debug|Any CPU.ActiveCfg = Debug|Any CPU
		{FE4D8FB0-BB2E-440B-864F-2AD90B129D3A}.Debug|Any CPU.Build.0 = Debug|Any CPU
		{FE4D8FB0-BB2E-440B-864F-2AD90B129D3A}.Release|Any CPU.ActiveCfg = Release|Any CPU
		{FE4D8FB0-BB2E-440B-864F-2AD90B129D3A}.Release|Any CPU.Build.0 = Release|Any CPU
		{D07E976B-4F64-4203-B256-D19AE89A2868}.Debug|Any CPU.ActiveCfg = Debug|Any CPU
		{D07E976B-4F64-4203-B256-D19AE89A2868}.Debug|Any CPU.Build.0 = Debug|Any CPU
		{D07E976B-4F64-4203-B256-D19AE89A2868}.Release|Any CPU.ActiveCfg = Release|Any CPU
		{D07E976B-4F64-4203-B256-D19AE89A2868}.Release|Any CPU.Build.0 = Release|Any CPU
		{F2030625-240C-4147-8E9E-F8CFD839CEB1}.Debug|Any CPU.ActiveCfg = Debug|Any CPU
		{F2030625-240C-4147-8E9E-F8CFD839CEB1}.Debug|Any CPU.Build.0 = Debug|Any CPU
		{F2030625-240C-4147-8E9E-F8CFD839CEB1}.Release|Any CPU.ActiveCfg = Release|Any CPU
		{F2030625-240C-4147-8E9E-F8CFD839CEB1}.Release|Any CPU.Build.0 = Release|Any CPU
		{E2450693-7D9C-45FF-8730-6D222B916EC8}.Debug|Any CPU.ActiveCfg = Debug|Any CPU
		{E2450693-7D9C-45FF-8730-6D222B916EC8}.Debug|Any CPU.Build.0 = Debug|Any CPU
		{E2450693-7D9C-45FF-8730-6D222B916EC8}.Release|Any CPU.ActiveCfg = Release|Any CPU
		{E2450693-7D9C-45FF-8730-6D222B916EC8}.Release|Any CPU.Build.0 = Release|Any CPU
		{D3F70D55-B0F6-4389-AE1F-9D90F42D3F36}.Debug|Any CPU.ActiveCfg = Debug|Any CPU
		{D3F70D55-B0F6-4389-AE1F-9D90F42D3F36}.Debug|Any CPU.Build.0 = Debug|Any CPU
		{D3F70D55-B0F6-4389-AE1F-9D90F42D3F36}.Release|Any CPU.ActiveCfg = Release|Any CPU
		{D3F70D55-B0F6-4389-AE1F-9D90F42D3F36}.Release|Any CPU.Build.0 = Release|Any CPU
		{AF3B0F3E-EEA1-4CDB-AACA-4437F766E1EC}.Debug|Any CPU.ActiveCfg = Debug|Any CPU
		{AF3B0F3E-EEA1-4CDB-AACA-4437F766E1EC}.Debug|Any CPU.Build.0 = Debug|Any CPU
		{AF3B0F3E-EEA1-4CDB-AACA-4437F766E1EC}.Release|Any CPU.ActiveCfg = Release|Any CPU
		{AF3B0F3E-EEA1-4CDB-AACA-4437F766E1EC}.Release|Any CPU.Build.0 = Release|Any CPU
		{89DA1003-80B1-40F7-B240-ED8E446E1DF1}.Debug|Any CPU.ActiveCfg = Debug|Any CPU
		{89DA1003-80B1-40F7-B240-ED8E446E1DF1}.Debug|Any CPU.Build.0 = Debug|Any CPU
		{89DA1003-80B1-40F7-B240-ED8E446E1DF1}.Release|Any CPU.ActiveCfg = Release|Any CPU
		{89DA1003-80B1-40F7-B240-ED8E446E1DF1}.Release|Any CPU.Build.0 = Release|Any CPU
		{D1F78FA3-0524-4E78-A209-339AEB71291D}.Debug|Any CPU.ActiveCfg = Debug|Any CPU
		{D1F78FA3-0524-4E78-A209-339AEB71291D}.Debug|Any CPU.Build.0 = Debug|Any CPU
		{D1F78FA3-0524-4E78-A209-339AEB71291D}.Release|Any CPU.ActiveCfg = Release|Any CPU
		{D1F78FA3-0524-4E78-A209-339AEB71291D}.Release|Any CPU.Build.0 = Release|Any CPU
		{6D825FC1-2DAB-43D7-9409-0ED5A9361578}.Debug|Any CPU.ActiveCfg = Debug|Any CPU
		{6D825FC1-2DAB-43D7-9409-0ED5A9361578}.Debug|Any CPU.Build.0 = Debug|Any CPU
		{6D825FC1-2DAB-43D7-9409-0ED5A9361578}.Release|Any CPU.ActiveCfg = Release|Any CPU
		{6D825FC1-2DAB-43D7-9409-0ED5A9361578}.Release|Any CPU.Build.0 = Release|Any CPU
	EndGlobalSection
	GlobalSection(SolutionProperties) = preSolution
		HideSolutionNode = FALSE
	EndGlobalSection
	GlobalSection(NestedProjects) = preSolution
		{E2450693-7D9C-45FF-8730-6D222B916EC8} = {AA8F9277-8332-416E-AEA5-06AF0FCF894B}
		{D3F70D55-B0F6-4389-AE1F-9D90F42D3F36} = {AA8F9277-8332-416E-AEA5-06AF0FCF894B}
		{AF3B0F3E-EEA1-4CDB-AACA-4437F766E1EC} = {AA8F9277-8332-416E-AEA5-06AF0FCF894B}
		{89DA1003-80B1-40F7-B240-ED8E446E1DF1} = {AA8F9277-8332-416E-AEA5-06AF0FCF894B}
		{D1F78FA3-0524-4E78-A209-339AEB71291D} = {AA8F9277-8332-416E-AEA5-06AF0FCF894B}
		{6D825FC1-2DAB-43D7-9409-0ED5A9361578} = {AA8F9277-8332-416E-AEA5-06AF0FCF894B}
	EndGlobalSection
	GlobalSection(ExtensibilityGlobals) = postSolution
		SolutionGuid = {297DD4C8-DC7F-4CE8-B705-E566509679B2}
	EndGlobalSection
EndGlobal
